
Microsoft Visual Studio Solution File, Format Version 12.00
# Visual Studio 15
VisualStudioVersion = 15.0.27703.2035
MinimumVisualStudioVersion = 10.0.40219.1
Project("{9A19103F-16F7-4668-BE54-9A1E7A4F7556}") = "NoLoadList", "NoLoadList.csproj", "{A6B0BE4E-D7EA-45E4-86E1-071D88010D12}"
EndProject
Global
	GlobalSection(SolutionConfigurationPlatforms) = preSolution
		Debug|Any CPU = Debug|Any CPU
		Release|Any CPU = Release|Any CPU
	EndGlobalSection
	GlobalSection(ProjectConfigurationPlatforms) = postSolution
		{A6B0BE4E-D7EA-45E4-86E1-071D88010D12}.Debug|Any CPU.ActiveCfg = Debug|Any CPU
		{A6B0BE4E-D7EA-45E4-86E1-071D88010D12}.Debug|Any CPU.Build.0 = Debug|Any CPU
		{A6B0BE4E-D7EA-45E4-86E1-071D88010D12}.Release|Any CPU.ActiveCfg = Release|Any CPU
		{A6B0BE4E-D7EA-45E4-86E1-071D88010D12}.Release|Any CPU.Build.0 = Release|Any CPU
	EndGlobalSection
	GlobalSection(SolutionProperties) = preSolution
		HideSolutionNode = FALSE
	EndGlobalSection
	GlobalSection(ExtensibilityGlobals) = postSolution
		SolutionGuid = {885F3AC3-63F9-41B6-AF8C-41BD8FADCF86}
	EndGlobalSection
EndGlobal
