
Microsoft Visual Studio Solution File, Format Version 12.00
# Visual Studio 15
VisualStudioVersion = 15.0.26124.0
MinimumVisualStudioVersion = 15.0.26124.0
Project("{9A19103F-16F7-4668-BE54-9A1E7A4F7556}") = "AspNetCoreList", "AspNetCoreList\AspNetCoreList.csproj", "{44D91C47-C4CB-43E3-9B26-9D6F12510D32}"
EndProject
Project("{9A19103F-16F7-4668-BE54-9A1E7A4F7556}") = "BenchMarkReturn", "BenchMarkReturn\BenchMarkReturn.csproj", "{F43A9234-D498-483C-A6BB-A6AE29AB4CA9}"
EndProject
Project("{2150E333-8FDC-42A3-9474-1A3956D46DE8}") = "Solution Items", "Solution Items", "{EB1450DB-7607-497F-B34F-CB55FFEADED6}"
	ProjectSection(SolutionItems) = preProject
		Directory.Build.props = Directory.Build.props
		global.json = global.json
	EndProjectSection
EndProject
Global
	GlobalSection(SolutionConfigurationPlatforms) = preSolution
		Debug|Any CPU = Debug|Any CPU
		Debug|x64 = Debug|x64
		Debug|x86 = Debug|x86
		Release|Any CPU = Release|Any CPU
		Release|x64 = Release|x64
		Release|x86 = Release|x86
	EndGlobalSection
	GlobalSection(ProjectConfigurationPlatforms) = postSolution
		{44D91C47-C4CB-43E3-9B26-9D6F12510D32}.Debug|Any CPU.ActiveCfg = Debug|Any CPU
		{44D91C47-C4CB-43E3-9B26-9D6F12510D32}.Debug|Any CPU.Build.0 = Debug|Any CPU
		{44D91C47-C4CB-43E3-9B26-9D6F12510D32}.Debug|x64.ActiveCfg = Debug|Any CPU
		{44D91C47-C4CB-43E3-9B26-9D6F12510D32}.Debug|x64.Build.0 = Debug|Any CPU
		{44D91C47-C4CB-43E3-9B26-9D6F12510D32}.Debug|x86.ActiveCfg = Debug|Any CPU
		{44D91C47-C4CB-43E3-9B26-9D6F12510D32}.Debug|x86.Build.0 = Debug|Any CPU
		{44D91C47-C4CB-43E3-9B26-9D6F12510D32}.Release|Any CPU.ActiveCfg = Release|Any CPU
		{44D91C47-C4CB-43E3-9B26-9D6F12510D32}.Release|Any CPU.Build.0 = Release|Any CPU
		{44D91C47-C4CB-43E3-9B26-9D6F12510D32}.Release|x64.ActiveCfg = Release|Any CPU
		{44D91C47-C4CB-43E3-9B26-9D6F12510D32}.Release|x64.Build.0 = Release|Any CPU
		{44D91C47-C4CB-43E3-9B26-9D6F12510D32}.Release|x86.ActiveCfg = Release|Any CPU
		{44D91C47-C4CB-43E3-9B26-9D6F12510D32}.Release|x86.Build.0 = Release|Any CPU
		{F43A9234-D498-483C-A6BB-A6AE29AB4CA9}.Debug|Any CPU.ActiveCfg = Debug|Any CPU
		{F43A9234-D498-483C-A6BB-A6AE29AB4CA9}.Debug|Any CPU.Build.0 = Debug|Any CPU
		{F43A9234-D498-483C-A6BB-A6AE29AB4CA9}.Debug|x64.ActiveCfg = Debug|Any CPU
		{F43A9234-D498-483C-A6BB-A6AE29AB4CA9}.Debug|x64.Build.0 = Debug|Any CPU
		{F43A9234-D498-483C-A6BB-A6AE29AB4CA9}.Debug|x86.ActiveCfg = Debug|Any CPU
		{F43A9234-D498-483C-A6BB-A6AE29AB4CA9}.Debug|x86.Build.0 = Debug|Any CPU
		{F43A9234-D498-483C-A6BB-A6AE29AB4CA9}.Release|Any CPU.ActiveCfg = Release|Any CPU
		{F43A9234-D498-483C-A6BB-A6AE29AB4CA9}.Release|Any CPU.Build.0 = Release|Any CPU
		{F43A9234-D498-483C-A6BB-A6AE29AB4CA9}.Release|x64.ActiveCfg = Release|Any CPU
		{F43A9234-D498-483C-A6BB-A6AE29AB4CA9}.Release|x64.Build.0 = Release|Any CPU
		{F43A9234-D498-483C-A6BB-A6AE29AB4CA9}.Release|x86.ActiveCfg = Release|Any CPU
		{F43A9234-D498-483C-A6BB-A6AE29AB4CA9}.Release|x86.Build.0 = Release|Any CPU
	EndGlobalSection
	GlobalSection(SolutionProperties) = preSolution
		HideSolutionNode = FALSE
	EndGlobalSection
	GlobalSection(ExtensibilityGlobals) = postSolution
		SolutionGuid = {C1D42A46-124F-4A4B-A248-8921EF007A8E}
	EndGlobalSection
EndGlobal
